
Microsoft Visual Studio Solution File, Format Version 12.00
# Visual Studio Version 16
VisualStudioVersion = 16.0.31025.194
MinimumVisualStudioVersion = 10.0.40219.1
Project("{FAE04EC0-301F-11D3-BF4B-00C04F79EFBC}") = "DecryptLoad", "DecryptLoad\DecryptLoad.csproj", "{6C169D60-7379-419F-8FDD-CD511BF5D89A}"
EndProject
Global
	GlobalSection(SolutionConfigurationPlatforms) = preSolution
		Debug|Any CPU = Debug|Any CPU
		Release|Any CPU = Release|Any CPU
	EndGlobalSection
	GlobalSection(ProjectConfigurationPlatforms) = postSolution
		{6C169D60-7379-419F-8FDD-CD511BF5D89A}.Debug|Any CPU.ActiveCfg = Debug|Any CPU
		{6C169D60-7379-419F-8FDD-CD511BF5D89A}.Debug|Any CPU.Build.0 = Debug|Any CPU
		{6C169D60-7379-419F-8FDD-CD511BF5D89A}.Release|Any CPU.ActiveCfg = Release|Any CPU
		{6C169D60-7379-419F-8FDD-CD511BF5D89A}.Release|Any CPU.Build.0 = Release|Any CPU
	EndGlobalSection
	GlobalSection(SolutionProperties) = preSolution
		HideSolutionNode = FALSE
	EndGlobalSection
	GlobalSection(ExtensibilityGlobals) = postSolution
		SolutionGuid = {DC71D652-7848-4B00-A1E7-0FC6AC5E7B97}
	EndGlobalSection
EndGlobal
